
Microsoft Visual Studio Solution File, Format Version 12.00
# Visual Studio Version 17
VisualStudioVersion = 17.5.33516.290
MinimumVisualStudioVersion = 10.0.40219.1
Project("{9A19103F-16F7-4668-BE54-9A1E7A4F7556}") = "ProjectDetailsAPI_Dapper", "ProjectDetailsAPI_Dapper\ProjectDetailsAPI_Dapper.csproj", "{0FA13D42-0CF3-4235-9B30-E4C909E837A8}"
EndProject
Project("{2150E333-8FDC-42A3-9474-1A3956D46DE8}") = "Domain", "Domain", "{9FD4E34B-6FE8-4326-B482-74FA9DE2C3BD}"
EndProject
Project("{9A19103F-16F7-4668-BE54-9A1E7A4F7556}") = "Domain_Data", "Domain_Data\Domain_Data.csproj", "{F9B2F4A8-035B-43E3-AFCC-2FB263C184E0}"
EndProject
Project("{2150E333-8FDC-42A3-9474-1A3956D46DE8}") = "Application", "Application", "{DF0A15A0-A214-4976-8030-0FCDA2747C2C}"
EndProject
Project("{9A19103F-16F7-4668-BE54-9A1E7A4F7556}") = "Application", "Application\Application.csproj", "{696DB9D2-66B1-4456-962C-B4407CC53328}"
EndProject
Project("{2150E333-8FDC-42A3-9474-1A3956D46DE8}") = "DemoData", "DemoData", "{5116CB92-E6C4-4B2E-BA5E-D7B7B05833D9}"
EndProject
Project("{9A19103F-16F7-4668-BE54-9A1E7A4F7556}") = "Data", "Data\Data.csproj", "{C0A40EBB-556F-4626-8959-1D413B4B47A8}"
EndProject
Project("{2150E333-8FDC-42A3-9474-1A3956D46DE8}") = "Infrastructure", "Infrastructure", "{5D3D256C-A484-4B04-8584-A2E252C7074A}"
EndProject
Project("{9A19103F-16F7-4668-BE54-9A1E7A4F7556}") = "Infrastructure", "Infrastructure\Infrastructure.csproj", "{776A5EFC-FB3C-4A1C-8BEE-E588D232AD29}"
EndProject
Project("{2150E333-8FDC-42A3-9474-1A3956D46DE8}") = "API", "API", "{9C9F1647-F188-47C0-8A8C-8A3279DEDE17}"
EndProject
Project("{2150E333-8FDC-42A3-9474-1A3956D46DE8}") = "Repository", "Repository", "{B40D8397-1B2C-4318-BDC8-6FAD7280548F}"
EndProject
Project("{9A19103F-16F7-4668-BE54-9A1E7A4F7556}") = "Repository", "Repository\Repository.csproj", "{73B8617A-6916-4585-8B39-6895964C945A}"
EndProject
Project("{2150E333-8FDC-42A3-9474-1A3956D46DE8}") = "Interfaces", "Interfaces", "{7391287E-3319-479B-A4E1-406E12647A62}"
EndProject
Project("{9A19103F-16F7-4668-BE54-9A1E7A4F7556}") = "Interfaces", "Interfaces\Interfaces.csproj", "{3D2844B2-D110-4CAE-9C1A-A36D8BC4ED66}"
EndProject
Project("{2150E333-8FDC-42A3-9474-1A3956D46DE8}") = "Testing", "Testing", "{D8459FDA-6BB8-4C9A-9329-180E444D00B0}"
EndProject
Project("{9A19103F-16F7-4668-BE54-9A1E7A4F7556}") = "UnitTestProject", "UnitTestProject\UnitTestProject.csproj", "{A4DF7BCF-6512-45D1-9DAF-F0E80FFA422F}"
EndProject
Global
	GlobalSection(SolutionConfigurationPlatforms) = preSolution
		Debug|Any CPU = Debug|Any CPU
		Release|Any CPU = Release|Any CPU
	EndGlobalSection
	GlobalSection(ProjectConfigurationPlatforms) = postSolution
		{0FA13D42-0CF3-4235-9B30-E4C909E837A8}.Debug|Any CPU.ActiveCfg = Debug|Any CPU
		{0FA13D42-0CF3-4235-9B30-E4C909E837A8}.Debug|Any CPU.Build.0 = Debug|Any CPU
		{0FA13D42-0CF3-4235-9B30-E4C909E837A8}.Release|Any CPU.ActiveCfg = Release|Any CPU
		{0FA13D42-0CF3-4235-9B30-E4C909E837A8}.Release|Any CPU.Build.0 = Release|Any CPU
		{F9B2F4A8-035B-43E3-AFCC-2FB263C184E0}.Debug|Any CPU.ActiveCfg = Debug|Any CPU
		{F9B2F4A8-035B-43E3-AFCC-2FB263C184E0}.Debug|Any CPU.Build.0 = Debug|Any CPU
		{F9B2F4A8-035B-43E3-AFCC-2FB263C184E0}.Release|Any CPU.ActiveCfg = Release|Any CPU
		{F9B2F4A8-035B-43E3-AFCC-2FB263C184E0}.Release|Any CPU.Build.0 = Release|Any CPU
		{696DB9D2-66B1-4456-962C-B4407CC53328}.Debug|Any CPU.ActiveCfg = Debug|Any CPU
		{696DB9D2-66B1-4456-962C-B4407CC53328}.Debug|Any CPU.Build.0 = Debug|Any CPU
		{696DB9D2-66B1-4456-962C-B4407CC53328}.Release|Any CPU.ActiveCfg = Release|Any CPU
		{696DB9D2-66B1-4456-962C-B4407CC53328}.Release|Any CPU.Build.0 = Release|Any CPU
		{C0A40EBB-556F-4626-8959-1D413B4B47A8}.Debug|Any CPU.ActiveCfg = Debug|Any CPU
		{C0A40EBB-556F-4626-8959-1D413B4B47A8}.Debug|Any CPU.Build.0 = Debug|Any CPU
		{C0A40EBB-556F-4626-8959-1D413B4B47A8}.Release|Any CPU.ActiveCfg = Release|Any CPU
		{C0A40EBB-556F-4626-8959-1D413B4B47A8}.Release|Any CPU.Build.0 = Release|Any CPU
		{776A5EFC-FB3C-4A1C-8BEE-E588D232AD29}.Debug|Any CPU.ActiveCfg = Debug|Any CPU
		{776A5EFC-FB3C-4A1C-8BEE-E588D232AD29}.Debug|Any CPU.Build.0 = Debug|Any CPU
		{776A5EFC-FB3C-4A1C-8BEE-E588D232AD29}.Release|Any CPU.ActiveCfg = Release|Any CPU
		{776A5EFC-FB3C-4A1C-8BEE-E588D232AD29}.Release|Any CPU.Build.0 = Release|Any CPU
		{73B8617A-6916-4585-8B39-6895964C945A}.Debug|Any CPU.ActiveCfg = Debug|Any CPU
		{73B8617A-6916-4585-8B39-6895964C945A}.Debug|Any CPU.Build.0 = Debug|Any CPU
		{73B8617A-6916-4585-8B39-6895964C945A}.Release|Any CPU.ActiveCfg = Release|Any CPU
		{73B8617A-6916-4585-8B39-6895964C945A}.Release|Any CPU.Build.0 = Release|Any CPU
		{3D2844B2-D110-4CAE-9C1A-A36D8BC4ED66}.Debug|Any CPU.ActiveCfg = Debug|Any CPU
		{3D2844B2-D110-4CAE-9C1A-A36D8BC4ED66}.Debug|Any CPU.Build.0 = Debug|Any CPU
		{3D2844B2-D110-4CAE-9C1A-A36D8BC4ED66}.Release|Any CPU.ActiveCfg = Release|Any CPU
		{3D2844B2-D110-4CAE-9C1A-A36D8BC4ED66}.Release|Any CPU.Build.0 = Release|Any CPU
		{A4DF7BCF-6512-45D1-9DAF-F0E80FFA422F}.Debug|Any CPU.ActiveCfg = Debug|Any CPU
		{A4DF7BCF-6512-45D1-9DAF-F0E80FFA422F}.Debug|Any CPU.Build.0 = Debug|Any CPU
		{A4DF7BCF-6512-45D1-9DAF-F0E80FFA422F}.Release|Any CPU.ActiveCfg = Release|Any CPU
		{A4DF7BCF-6512-45D1-9DAF-F0E80FFA422F}.Release|Any CPU.Build.0 = Release|Any CPU
	EndGlobalSection
	GlobalSection(SolutionProperties) = preSolution
		HideSolutionNode = FALSE
	EndGlobalSection
	GlobalSection(NestedProjects) = preSolution
		{0FA13D42-0CF3-4235-9B30-E4C909E837A8} = {9C9F1647-F188-47C0-8A8C-8A3279DEDE17}
		{F9B2F4A8-035B-43E3-AFCC-2FB263C184E0} = {9FD4E34B-6FE8-4326-B482-74FA9DE2C3BD}
		{696DB9D2-66B1-4456-962C-B4407CC53328} = {DF0A15A0-A214-4976-8030-0FCDA2747C2C}
		{C0A40EBB-556F-4626-8959-1D413B4B47A8} = {5116CB92-E6C4-4B2E-BA5E-D7B7B05833D9}
		{776A5EFC-FB3C-4A1C-8BEE-E588D232AD29} = {5D3D256C-A484-4B04-8584-A2E252C7074A}
		{73B8617A-6916-4585-8B39-6895964C945A} = {B40D8397-1B2C-4318-BDC8-6FAD7280548F}
		{3D2844B2-D110-4CAE-9C1A-A36D8BC4ED66} = {7391287E-3319-479B-A4E1-406E12647A62}
		{A4DF7BCF-6512-45D1-9DAF-F0E80FFA422F} = {D8459FDA-6BB8-4C9A-9329-180E444D00B0}
	EndGlobalSection
	GlobalSection(ExtensibilityGlobals) = postSolution
		SolutionGuid = {24DD3DE4-64D4-429A-8DE3-245F4509E79F}
	EndGlobalSection
EndGlobal
